# This file is autogenerated, do not edit; changes may be undone by the next 'dep ensure'.


[[projects]]
  branch = "master"
  digest = "1:c9ef1fba766e914747fa05a9947a6312fb0ee0ddb89218b1d96dd28b5d17b67e"
  name = "git.schwanenlied.me/yawning/aez.git"
  packages = ["."]
  pruneopts = "UT"
  revision = "ec7426b4492636b9b39cb6e173e7423500107163"

[[projects]]
  branch = "master"
  digest = "1:9de21014552d022cd20c7886cfa82bf71a011115ff6e9463e059917460050141"
  name = "git.schwanenlied.me/yawning/bsaes.git"
  packages = [
    ".",
    "ct32",
    "ct64",
    "ghash",
    "internal/modes",
  ]
  pruneopts = "UT"
  revision = "26d1add596b6d800bdeeb3bc3b2c7b316c056b6d"

[[projects]]
  branch = "master"
  digest = "1:8fa55a6e302771a90a86ceae1ca3c0df4ef15d21092198e8313f61dde9eea963"
  name = "git.schwanenlied.me/yawning/chacha20.git"
  packages = ["."]
  pruneopts = "UT"
  revision = "e3b1f968fc6397b51d963fee8ec8711a47bc0ce8"

[[projects]]
  branch = "master"
  digest = "1:4ef6b3e83b255ec37b8b9c5db0430ac8ddd94ae4452b50910d09fd724c6cee15"
  name = "git.schwanenlied.me/yawning/newhope.git"
  packages = ["."]
  pruneopts = "UT"
  revision = "9598792ba8f205d72c9b5b639b0d2827cbb7d8b9"

[[projects]]
  digest = "1:9f3b30d9f8e0d7040f729b82dcbc8f0dead820a133b3147ce355fc451f32d761"
  name = "github.com/BurntSushi/toml"
  packages = ["."]
  pruneopts = "UT"
  revision = "3012a1dbe2e4bd1391d42b32f0577cb7bbc7f005"
  version = "v0.3.1"

[[projects]]
  branch = "master"
  digest = "1:5699a1540433914320cef63d1afc814e0632c8e7ec5954c37b0fc07a614bf149"
  name = "github.com/agl/ed25519"
  packages = [
    "edwards25519",
    "extra25519",
  ]
  pruneopts = "UT"
  revision = "5312a61534124124185d41f09206b9fef1d88403"

[[projects]]
  digest = "1:f2ac2c724fc8214bb7b9dd6d4f5b7a983152051f5133320f228557182263cb94"
  name = "github.com/coreos/bbolt"
  packages = ["."]
  pruneopts = "UT"
  revision = "a0458a2b35708eef59eb5f620ceb3cd1c01a824d"
  version = "v1.3.3"

[[projects]]
  digest = "1:444b82bfe35c83bbcaf84e310fb81a1f9ece03edfed586483c869e2c046aef69"
  name = "github.com/eapache/queue"
  packages = ["."]
  pruneopts = "UT"
  revision = "44cc805cf13205b55f69e14bcb69867d1ae92f98"
  version = "v1.1.0"

[[projects]]
  digest = "1:52a8e3f8a2c8eb7f062a8f831db4adcce0fb1fd9547f317475e6bc61736e402a"
  name = "github.com/emersion/go-message"
  packages = [
    ".",
    "charset",
  ]
  pruneopts = "UT"
  revision = "63ac8399c1e4c07ca2a233b0fa6d205694c7bdbe"
  version = "v0.9.2"

[[projects]]
  branch = "master"
  digest = "1:47fffd6812689e229e8072737578af99cad0b17707cc07c36344c63bb6b797f1"
  name = "github.com/emersion/go-textwrapper"
  packages = ["."]
  pruneopts = "UT"
  revision = "d0e65e56babe3f687ff94c1d764ca0e6aa7723ee"

[[projects]]
  digest = "1:c05660abc0fa1fd5072de6a538c8b415b1a09fdc5d1ead17f0c56f9edc0cf45a"
  name = "github.com/katzenpost/authority"
  packages = [
    "internal/s11n",
    "nonvoting/client",
    "voting/client",
    "voting/server/config",
  ]
  pruneopts = "UT"
  revision = "aa75bd36c6debca9e28363ef7d45af3d1d3c2e7f"
  version = "v0.0.8"

[[projects]]
  digest = "1:14f58b40229dfc6baa1eee32032d25d3e5080c6d30b4488d37d45aaab41eb3d2"
  name = "github.com/katzenpost/core"
  packages = [
    "constants",
    "crypto/cert",
    "crypto/ecdh",
    "crypto/eddsa",
    "crypto/rand",
    "epochtime",
    "log",
    "pki",
    "queue",
    "sphinx",
    "sphinx/commands",
    "sphinx/constants",
    "sphinx/internal/crypto",
    "sphinx/path",
    "thwack",
    "utils",
    "wire",
    "wire/commands",
    "worker",
  ]
  pruneopts = "UT"
  revision = "c69b5362029448e54320a6523b4d512a581ad994"
  version = "v0.0.7"

[[projects]]
  digest = "1:3c306a466e13f9424a7b832ecaf7238d90d8c413eb638f42950f0d16d16d50d4"
  name = "github.com/katzenpost/mailproxy"
  packages = [
    ".",
    "config",
    "event",
    "internal/account",
    "internal/authority",
    "internal/glue",
    "internal/imf",
    "internal/pkiclient",
    "internal/pop3",
    "internal/proxy",
    "internal/recipient",
  ]
  pruneopts = "UT"
  revision = "7bb0a4127bfe63e8fa2f294893f313e89f962b28"
  version = "v0.0.6"

[[projects]]
  digest = "1:fb9942280fd8e617677ebca8828662b6443a8149b3ffa3f184af095f9e2763d1"
  name = "github.com/katzenpost/minclient"
  packages = [
    ".",
    "block",
  ]
  pruneopts = "UT"
  revision = "01a7c28bfefe7b3e0794f1cbb4dde06fa863f2c0"
  version = "v0.0.5"

[[projects]]
  branch = "master"
  digest = "1:00ffbc3f922d0b81273b8f9c5517f85b43193d52fcb995460668fee37c31c286"
  name = "github.com/katzenpost/noise"
  packages = ["."]
  pruneopts = "UT"
  revision = "a6bec72d870aedede0aac380c6c55af0866fad74"

[[projects]]
  digest = "1:d095ba01512d4a26fd74eeb79613596a8426314da1876736f3d75c9c82b7db16"
  name = "github.com/katzenpost/playground"
  packages = ["."]
  pruneopts = "UT"
  revision = "d00f26d14a9e73cf24373610ed9e3293b2a596f9"
  version = "v0.0.4"

[[projects]]
  digest = "1:c65a248249e8c603b5177ad8bdb4e656da2efee965c042ebd35e1c9697a0d9cf"
  name = "github.com/katzenpost/registration_client"
  packages = [
    ".",
    "mailproxy",
  ]
  pruneopts = "UT"
  revision = "dc8326f6b77432ad054557e429ad1338e0331b9f"
  version = "v0.0.1"

[[projects]]
  digest = "1:2f8d63de9c4795ae4aae15c958221f54cc2909d5ff6554068a6a124da1cffbfe"
  name = "github.com/katzenpost/server"
  packages = ["registration"]
  pruneopts = "UT"
  revision = "1783439eb761b2bba99f8c07212db4653b96dc4c"
  version = "v0.0.7"

[[projects]]
  branch = "master"
  digest = "1:c11885edc04a1f70bd6499b23ea024dcb4a4937932c7689d9ddc40c407d32ecf"
  name = "github.com/siebenmann/smtpd"
  packages = ["."]
  pruneopts = "UT"
  revision = "b93303610bbe1b2cc570daff2de7d77dfac329a0"

[[projects]]
  digest = "1:d0072748c62defde1ad99dde77f6ffce492a0e5aea9204077e497c7edfb86653"
  name = "github.com/ugorji/go"
  packages = ["codec"]
  pruneopts = "UT"
  revision = "2adff0894ba3bc2eeb9f9aea45fefd49802e1a13"
  version = "v1.1.4"

[[projects]]
  branch = "master"
  digest = "1:5cdf15c8d6179458e9cb6f7ac5c8f791b5c7c2586bee7cd726edd2705a204ed7"
  name = "golang.org/x/crypto"
  packages = [
    "blake2b",
    "blake2s",
    "chacha20poly1305",
    "curve25519",
    "ed25519",
    "ed25519/internal/edwards25519",
    "internal/chacha20",
    "internal/subtle",
    "poly1305",
    "sha3",
  ]
  pruneopts = "UT"
  revision = "cc06ce4a13d484c0101a9e92913248488a75786d"

[[projects]]
  branch = "master"
  digest = "1:7bf7584ec3bcea4460f76623f2ab61cdd2a42535db41801f6d8c09b2d1e85824"
  name = "golang.org/x/net"
  packages = [
    "idna",
    "internal/socks",
    "proxy",
  ]
  pruneopts = "UT"
  revision = "3b0461eec859c4b73bb64fdc8285971fd33e3938"

[[projects]]
  branch = "master"
  digest = "1:dec25633dcde9d12dbb4221ca188c5dcd944b26d0f70dc18815af4628e87a860"
  name = "golang.org/x/sys"
  packages = [
    "cpu",
    "unix",
  ]
  pruneopts = "UT"
  revision = "c5567b49c5d04a5f83870795b8c0e2df43a8ce32"

[[projects]]
  digest = "1:0bf872423d6fbc11c155dcff6944d0544d00073e038ed0ecc720bebf11ba14c4"
  name = "golang.org/x/text"
  packages = [
    "cases",
    "collate",
    "collate/build",
    "encoding",
    "encoding/charmap",
    "encoding/internal",
    "encoding/internal/identifier",
    "encoding/japanese",
    "encoding/simplifiedchinese",
    "encoding/traditionalchinese",
    "internal",
    "internal/colltab",
    "internal/gen",
    "internal/language",
    "internal/language/compact",
    "internal/tag",
    "internal/triegen",
    "internal/ucd",
    "language",
    "runes",
    "secure/bidirule",
    "secure/precis",
    "transform",
    "unicode/bidi",
    "unicode/cldr",
    "unicode/norm",
    "unicode/rangetable",
    "width",
  ]
  pruneopts = "UT"
  revision = "342b2e1fbaa52c93f31447ad2c6abc048c63e475"
  version = "v0.3.2"

[[projects]]
  digest = "1:975a4480c40f2d0b95e1f83d3ec1aa29a2774e80179e08a9a4ba2aab86721b23"
  name = "gopkg.in/eapache/channels.v1"
  packages = ["."]
  pruneopts = "UT"
  revision = "47238d5aae8c0fefd518ef2bee46290909cf8263"
  version = "v1.1.0"

[[projects]]
  digest = "1:5b3b29ce0e569f62935d9541dff2e16cc09df981ebde48e82259076a73a3d0c7"
  name = "gopkg.in/op/go-logging.v1"
  packages = ["."]
  pruneopts = "UT"
  revision = "b2cb9fa56473e98db8caba80237377e83fe44db5"
  version = "v1"

[solve-meta]
  analyzer-name = "dep"
  analyzer-version = 1
  input-imports = [
    "github.com/coreos/bbolt",
    "github.com/katzenpost/core/utils",
    "github.com/katzenpost/mailproxy",
    "github.com/katzenpost/mailproxy/config",
    "github.com/katzenpost/mailproxy/event",
    "github.com/katzenpost/playground",
    "github.com/katzenpost/registration_client",
    "github.com/katzenpost/registration_client/mailproxy",
  ]
  solver-name = "gps-cdcl"
  solver-version = 1
